<?xml version="1.0" encoding="utf-8"?>
<Project ToolsVersion="4.0" xmlns="http://schemas.microsoft.com/developer/msbuild/2003">
  <ItemGroup>
    <Filter Include="Source Files">
      <UniqueIdentifier>{4FC737F1-C7A5-4376-A066-2A32D752A2FF}</UniqueIdentifier>
      <Extensions>cpp;c;cc;cxx;def;odl;idl;hpj;bat;asm;asmx</Extensions>
    </Filter>
    <Filter Include="Header Files">
      <UniqueIdentifier>{93995380-89BD-4b04-88EB-625FBE52EBFB}</UniqueIdentifier>
      <Extensions>h;hh;hpp;hxx;hm;inl;inc;xsd</Extensions>
    </Filter>
    <Filter Include="Resource Files">
      <UniqueIdentifier>{67DA6AB6-F800-4c08-8B7A-83BB121AAD01}</UniqueIdentifier>
      <Extensions>rc;ico;cur;bmp;dlg;rc2;rct;bin;rgs;gif;jpg;jpeg;jpe;resx;tiff;tif;png;wav</Extensions>
    </Filter>
    <Filter Include="Resource Files\fonts">
      <UniqueIdentifier>{96f42837-3470-41f7-a6e8-1bc4612e26a6}</UniqueIdentifier>
    </Filter>
    <Filter Include="Resource Files\images">
      <UniqueIdentifier>{f23bc900-3a8e-4046-b31e-86ad1b07a080}</UniqueIdentifier>
    </Filter>
    <Filter Include="Resource Files\music">
      <UniqueIdentifier>{7f64cf1b-6e1e-4af2-9eae-b813abd3a25d}</UniqueIdentifier>
    </Filter>
    <Filter Include="Resource Files\sounds">
      <UniqueIdentifier>{f0f346d4-4798-40e0-88ff-0caeec18b329}</UniqueIdentifier>
    </Filter>
    <Filter Include="Resource Files\spriteSheetConfigs">
      <UniqueIdentifier>{ae967221-cf0c-4e8f-9e23-c33a9d6208c7}</UniqueIdentifier>
    </Filter>
    <Filter Include="Resource Files\tilemaps">
      <UniqueIdentifier>{7e5b0f3a-d14a-4876-bc39-19e691d2d6be}</UniqueIdentifier>
    </Filter>
    <Filter Include="Header Files\main">
      <UniqueIdentifier>{ba882a14-95d8-4680-83b7-ca1df7a59da1}</UniqueIdentifier>
    </Filter>
    <Filter Include="Header Files\scene">
      <UniqueIdentifier>{8b841507-2ed2-4854-9934-2cfc2fa99280}</UniqueIdentifier>
    </Filter>
    <Filter Include="Header Files\utility">
      <UniqueIdentifier>{60c2de7a-831a-4469-905b-e97a78c45485}</UniqueIdentifier>
    </Filter>
    <Filter Include="Source Files\main">
      <UniqueIdentifier>{f2ea96ca-90c4-422a-9a74-6e29f447a3a2}</UniqueIdentifier>
    </Filter>
    <Filter Include="Source Files\scene">
      <UniqueIdentifier>{686d405a-69cc-4aaf-95f6-9dfaa4c379c7}</UniqueIdentifier>
    </Filter>
    <Filter Include="Source Files\utility">
      <UniqueIdentifier>{a2b08eae-a87c-411b-902b-89b9ea9c6054}</UniqueIdentifier>
    </Filter>
    <Filter Include="Documentation">
      <UniqueIdentifier>{fe91e954-e1d1-4e87-a055-e52fee833485}</UniqueIdentifier>
    </Filter>
    <Filter Include="Header Files\entity_core">
      <UniqueIdentifier>{14350298-a5c7-48c5-8f13-557aa0844410}</UniqueIdentifier>
    </Filter>
    <Filter Include="Source Files\entity_core">
      <UniqueIdentifier>{a7e196e0-a082-4b8b-80d5-d4cbf5a3b46e}</UniqueIdentifier>
    </Filter>
    <Filter Include="Header Files\entity_types">
      <UniqueIdentifier>{544173da-50dd-4d15-ad97-9d5fabd30d89}</UniqueIdentifier>
    </Filter>
    <Filter Include="Source Files\entity_types">
      <UniqueIdentifier>{1fcd8ef3-3b80-4ae4-8c05-fb1d6a8cda24}</UniqueIdentifier>
    </Filter>
    <Filter Include="Header Files\entity_sprites">
      <UniqueIdentifier>{882c2a62-6164-4d63-89b5-b2c6e3868a59}</UniqueIdentifier>
    </Filter>
    <Filter Include="Source Files\entity_sprites">
      <UniqueIdentifier>{5b6e4438-e43e-41d8-98cd-6550944070b4}</UniqueIdentifier>
    </Filter>
  </ItemGroup>
  <ItemGroup>
    <ClCompile Include="animator.cpp">
      <Filter>Source Files\entity_core</Filter>
    </ClCompile>
    <ClCompile Include="main.cpp">
      <Filter>Source Files\main</Filter>
    </ClCompile>
    <ClCompile Include="resources.cpp">
      <Filter>Source Files\main</Filter>
    </ClCompile>
    <ClCompile Include="mainMenu.cpp">
      <Filter>Source Files\scene</Filter>
    </ClCompile>
    <ClCompile Include="sceneManager.cpp">
      <Filter>Source Files\scene</Filter>
    </ClCompile>
    <ClCompile Include="music.cpp">
      <Filter>Source Files\utility</Filter>
    </ClCompile>
    <ClCompile Include="timing.cpp">
      <Filter>Source Files\utility</Filter>
    </ClCompile>
    <ClCompile Include="utility.cpp">
      <Filter>Source Files\utility</Filter>
    </ClCompile>
    <ClCompile Include="hitbox.cpp">
      <Filter>Source Files\entity_core</Filter>
    </ClCompile>
    <ClCompile Include="motion.cpp">
      <Filter>Source Files\entity_core</Filter>
    </ClCompile>
    <ClCompile Include="player.cpp">
      <Filter>Source Files\entity_types</Filter>
    </ClCompile>
    <ClCompile Include="gameScene.cpp">
      <Filter>Source Files\scene</Filter>
    </ClCompile>
    <ClCompile Include="vertexArraySprite.cpp">
      <Filter>Source Files\entity_sprites</Filter>
    </ClCompile>
    <ClCompile Include="texturedVertexArraySprite.cpp">
      <Filter>Source Files\entity_sprites</Filter>
    </ClCompile>
    <ClCompile Include="compoundSprite.cpp">
      <Filter>Source Files\entity_sprites</Filter>
    </ClCompile>
    <ClCompile Include="polygonSprite.cpp">
      <Filter>Source Files\entity_sprites</Filter>
    </ClCompile>
    <ClCompile Include="spriteSheetSprite.cpp">
      <Filter>Source Files\entity_sprites</Filter>
    </ClCompile>
    <ClCompile Include="tileMap.cpp">
      <Filter>Source Files\entity_types</Filter>
    </ClCompile>
    <ClCompile Include="collision.cpp">
      <Filter>Source Files\main</Filter>
    </ClCompile>
    <ClCompile Include="particleSystem.cpp">
      <Filter>Source Files\entity_types</Filter>
    </ClCompile>
  </ItemGroup>
  <ItemGroup>
    <ClInclude Include="animator.h">
      <Filter>Header Files\entity_core</Filter>
    </ClInclude>
    <ClInclude Include="handle.h">
      <Filter>Header Files\utility</Filter>
    </ClInclude>
    <ClInclude Include="music.h">
      <Filter>Header Files\utility</Filter>
    </ClInclude>
    <ClInclude Include="timing.h">
      <Filter>Header Files\utility</Filter>
    </ClInclude>
    <ClInclude Include="utility.h">
      <Filter>Header Files\utility</Filter>
    </ClInclude>
    <ClInclude Include="mainMenu.h">
      <Filter>Header Files\scene</Filter>
    </ClInclude>
    <ClInclude Include="scene.h">
      <Filter>Header Files\scene</Filter>
    </ClInclude>
    <ClInclude Include="resources.h">
      <Filter>Header Files\main</Filter>
    </ClInclude>
    <ClInclude Include="entity.h">
      <Filter>Header Files\entity_core</Filter>
    </ClInclude>
    <ClInclude Include="hitbox.h">
      <Filter>Header Files\entity_core</Filter>
    </ClInclude>
    <ClInclude Include="motion.h">
      <Filter>Header Files\entity_core</Filter>
    </ClInclude>
    <ClInclude Include="player.h">
      <Filter>Header Files\entity_types</Filter>
    </ClInclude>
    <ClInclude Include="gameScene.h">
      <Filter>Header Files\scene</Filter>
    </ClInclude>
    <ClInclude Include="vertexArraySprite.h">
      <Filter>Header Files\entity_sprites</Filter>
    </ClInclude>
    <ClInclude Include="texturedVertexArraySprite.h">
      <Filter>Header Files\entity_sprites</Filter>
    </ClInclude>
    <ClInclude Include="compoundSprite.h">
      <Filter>Header Files\entity_sprites</Filter>
    </ClInclude>
    <ClInclude Include="polygonSprite.h">
      <Filter>Header Files\entity_sprites</Filter>
    </ClInclude>
    <ClInclude Include="spriteSheetSprite.h">
      <Filter>Header Files\entity_sprites</Filter>
    </ClInclude>
    <ClInclude Include="tileMap.h">
      <Filter>Header Files\entity_types</Filter>
    </ClInclude>
    <ClInclude Include="collision.h">
      <Filter>Header Files\main</Filter>
    </ClInclude>
    <ClInclude Include="particleSystem.h">
      <Filter>Header Files\entity_types</Filter>
    </ClInclude>
    <ClInclude Include="resourceNames.h">
      <Filter>Header Files\main</Filter>
    </ClInclude>
  </ItemGroup>
  <ItemGroup>
    <Text Include="resources\resources.txt">
      <Filter>Resource Files</Filter>
    </Text>
    <Text Include="resources\tilemaps\example_tilemap.txt">
      <Filter>Resource Files\tilemaps</Filter>
    </Text>
    <Text Include="resources\spriteSheetConfigs\irregular_spritesheet_config.txt">
      <Filter>Resource Files\spriteSheetConfigs</Filter>
    </Text>
    <Text Include="doc\about.txt">
      <Filter>Documentation</Filter>
    </Text>
    <Text Include="doc\naming conventions.txt">
      <Filter>Documentation</Filter>
    </Text>
    <Text Include="doc\todo.txt">
      <Filter>Documentation</Filter>
    </Text>
  </ItemGroup>
  <ItemGroup>
    <Font Include="resources\fonts\arial.ttf">
      <Filter>Resource Files\fonts</Filter>
    </Font>
  </ItemGroup>
  <ItemGroup>
    <Media Include="resources\music\example.wav">
      <Filter>Resource Files\music</Filter>
    </Media>
    <Media Include="resources\sounds\punch1.wav">
      <Filter>Resource Files\sounds</Filter>
    </Media>
    <Media Include="resources\sounds\punch2.wav">
      <Filter>Resource Files\sounds</Filter>
    </Media>
  </ItemGroup>
  <ItemGroup>
    <Image Include="resources\images\irregular_spritesheet.png">
      <Filter>Resource Files\images</Filter>
    </Image>
    <Image Include="resources\images\levels_tileset.png">
      <Filter>Resource Files\images</Filter>
    </Image>
    <Image Include="resources\images\rough_spritesheet.png">
      <Filter>Resource Files\images</Filter>
    </Image>
    <Image Include="resources\images\scan.jpg">
      <Filter>Resource Files\images</Filter>
    </Image>
    <Image Include="resources\images\spritesheet_example.png">
      <Filter>Resource Files\images</Filter>
    </Image>
    <Image Include="resources\images\spritesheet_example2.png">
      <Filter>Resource Files\images</Filter>
    </Image>
    <Image Include="resources\images\spritesheet_example3.png">
      <Filter>Resource Files\images</Filter>
    </Image>
  </ItemGroup>
</Project>